
Microsoft Visual Studio Solution File, Format Version 12.00
# Visual Studio Version 17
VisualStudioVersion = 17.4.33103.184
MinimumVisualStudioVersion = 10.0.40219.1
Project("{FAE04EC0-301F-11D3-BF4B-00C04F79EFBC}") = "CatchFishGame", "CatchFishGame.csproj", "{3C998B62-3230-4F86-BF5E-40171864327E}"
EndProject
Project("{54435603-DBB4-11D2-8724-00A0C9A8B90C}") = "CatchFIshWithSpongeBob", "..\CatchFIshWithSpongeBob\CatchFIshWithSpongeBob.vdproj", "{28E7C726-7ADA-405C-BCC5-9E06AE690C82}"
EndProject
Global
	GlobalSection(SolutionConfigurationPlatforms) = preSolution
		Debug|Any CPU = Debug|Any CPU
		Release|Any CPU = Release|Any CPU
	EndGlobalSection
	GlobalSection(ProjectConfigurationPlatforms) = postSolution
		{3C998B62-3230-4F86-BF5E-40171864327E}.Debug|Any CPU.ActiveCfg = Debug|Any CPU
		{3C998B62-3230-4F86-BF5E-40171864327E}.Debug|Any CPU.Build.0 = Debug|Any CPU
		{3C998B62-3230-4F86-BF5E-40171864327E}.Release|Any CPU.ActiveCfg = Release|Any CPU
		{3C998B62-3230-4F86-BF5E-40171864327E}.Release|Any CPU.Build.0 = Release|Any CPU
		{28E7C726-7ADA-405C-BCC5-9E06AE690C82}.Debug|Any CPU.ActiveCfg = Debug
		{28E7C726-7ADA-405C-BCC5-9E06AE690C82}.Release|Any CPU.ActiveCfg = Release
	EndGlobalSection
	GlobalSection(SolutionProperties) = preSolution
		HideSolutionNode = FALSE
	EndGlobalSection
	GlobalSection(ExtensibilityGlobals) = postSolution
		SolutionGuid = {15119ADE-B1C5-4204-A036-E2A298278E1F}
	EndGlobalSection
EndGlobal
